version = 1
requires-python = ">=3.12"

[[package]]
name = "certifi"
version = "2025.1.31"
source = { registry = "https://pypi.org/simple" }
sdist = { url = "https://files.pythonhosted.org/packages/1c/ab/c9f1e32b7b1bf505bf26f0ef697775960db7932abeb7b516de930ba2705f/certifi-2025.1.31.tar.gz", hash = "sha256:3d5da6925056f6f18f119200434a4780a94263f10d1c21d032a6f6b2baa20651", size = 167577 }
wheels = [
    { url = "https://files.pythonhosted.org/packages/38/fc/bce832fd4fd99766c04d1ee0eead6b0ec6486fb100ae5e74c1d91292b982/certifi-2025.1.31-py3-none-any.whl", hash = "sha256:ca78db4565a652026a4db2bcdf68f2fb589ea80d0be70e03929ed730746b84fe", size = 166393 },
]

[[package]]
name = "charset-normalizer"
version = "3.4.1"
source = { registry = "https://pypi.org/simple" }
sdist = { url = "https://files.pythonhosted.org/packages/16/b0/572805e227f01586461c80e0fd25d65a2115599cc9dad142fee4b747c357/charset_normalizer-3.4.1.tar.gz", hash = "sha256:44251f18cd68a75b56585dd00dae26183e102cd5e0f9f1466e6df5da2ed64ea3", size = 123188 }
wheels = [
    { url = "https://files.pythonhosted.org/packages/0a/9a/dd1e1cdceb841925b7798369a09279bd1cf183cef0f9ddf15a3a6502ee45/charset_normalizer-3.4.1-cp312-cp312-macosx_10_13_universal2.whl", hash = "sha256:73d94b58ec7fecbc7366247d3b0b10a21681004153238750bb67bd9012414545", size = 196105 },
    { url = "https://files.pythonhosted.org/packages/d3/8c/90bfabf8c4809ecb648f39794cf2a84ff2e7d2a6cf159fe68d9a26160467/charset_normalizer-3.4.1-cp312-cp312-manylinux_2_17_aarch64.manylinux2014_aarch64.whl", hash = "sha256:dad3e487649f498dd991eeb901125411559b22e8d7ab25d3aeb1af367df5efd7", size = 140404 },
    { url = "https://files.pythonhosted.org/packages/ad/8f/e410d57c721945ea3b4f1a04b74f70ce8fa800d393d72899f0a40526401f/charset_normalizer-3.4.1-cp312-cp312-manylinux_2_17_ppc64le.manylinux2014_ppc64le.whl", hash = "sha256:c30197aa96e8eed02200a83fba2657b4c3acd0f0aa4bdc9f6c1af8e8962e0757", size = 150423 },
    { url = "https://files.pythonhosted.org/packages/f0/b8/e6825e25deb691ff98cf5c9072ee0605dc2acfca98af70c2d1b1bc75190d/charset_normalizer-3.4.1-cp312-cp312-manylinux_2_17_s390x.manylinux2014_s390x.whl", hash = "sha256:2369eea1ee4a7610a860d88f268eb39b95cb588acd7235e02fd5a5601773d4fa", size = 143184 },
    { url = "https://files.pythonhosted.org/packages/3e/a2/513f6cbe752421f16d969e32f3583762bfd583848b763913ddab8d9bfd4f/charset_normalizer-3.4.1-cp312-cp312-manylinux_2_17_x86_64.manylinux2014_x86_64.whl", hash = "sha256:bc2722592d8998c870fa4e290c2eec2c1569b87fe58618e67d38b4665dfa680d", size = 145268 },
    { url = "https://files.pythonhosted.org/packages/74/94/8a5277664f27c3c438546f3eb53b33f5b19568eb7424736bdc440a88a31f/charset_normalizer-3.4.1-cp312-cp312-manylinux_2_5_i686.manylinux1_i686.manylinux_2_17_i686.manylinux2014_i686.whl", hash = "sha256:ffc9202a29ab3920fa812879e95a9e78b2465fd10be7fcbd042899695d75e616", size = 147601 },
    { url = "https://files.pythonhosted.org/packages/7c/5f/6d352c51ee763623a98e31194823518e09bfa48be2a7e8383cf691bbb3d0/charset_normalizer-3.4.1-cp312-cp312-musllinux_1_2_aarch64.whl", hash = "sha256:804a4d582ba6e5b747c625bf1255e6b1507465494a40a2130978bda7b932c90b", size = 141098 },
    { url = "https://files.pythonhosted.org/packages/78/d4/f5704cb629ba5ab16d1d3d741396aec6dc3ca2b67757c45b0599bb010478/charset_normalizer-3.4.1-cp312-cp312-musllinux_1_2_i686.whl", hash = "sha256:0f55e69f030f7163dffe9fd0752b32f070566451afe180f99dbeeb81f511ad8d", size = 149520 },
    { url = "https://files.pythonhosted.org/packages/c5/96/64120b1d02b81785f222b976c0fb79a35875457fa9bb40827678e54d1bc8/charset_normalizer-3.4.1-cp312-cp312-musllinux_1_2_ppc64le.whl", hash = "sha256:c4c3e6da02df6fa1410a7680bd3f63d4f710232d3139089536310d027950696a", size = 152852 },
    { url = "https://files.pythonhosted.org/packages/84/c9/98e3732278a99f47d487fd3468bc60b882920cef29d1fa6ca460a1fdf4e6/charset_normalizer-3.4.1-cp312-cp312-musllinux_1_2_s390x.whl", hash = "sha256:5df196eb874dae23dcfb968c83d4f8fdccb333330fe1fc278ac5ceeb101003a9", size = 150488 },
    { url = "https://files.pythonhosted.org/packages/13/0e/9c8d4cb99c98c1007cc11eda969ebfe837bbbd0acdb4736d228ccaabcd22/charset_normalizer-3.4.1-cp312-cp312-musllinux_1_2_x86_64.whl", hash = "sha256:e358e64305fe12299a08e08978f51fc21fac060dcfcddd95453eabe5b93ed0e1", size = 146192 },
    { url = "https://files.pythonhosted.org/packages/b2/21/2b6b5b860781a0b49427309cb8670785aa543fb2178de875b87b9cc97746/charset_normalizer-3.4.1-cp312-cp312-win32.whl", hash = "sha256:9b23ca7ef998bc739bf6ffc077c2116917eabcc901f88da1b9856b210ef63f35", size = 95550 },
    { url = "https://files.pythonhosted.org/packages/21/5b/1b390b03b1d16c7e382b561c5329f83cc06623916aab983e8ab9239c7d5c/charset_normalizer-3.4.1-cp312-cp312-win_amd64.whl", hash = "sha256:6ff8a4a60c227ad87030d76e99cd1698345d4491638dfa6673027c48b3cd395f", size = 102785 },
    { url = "https://files.pythonhosted.org/packages/38/94/ce8e6f63d18049672c76d07d119304e1e2d7c6098f0841b51c666e9f44a0/charset_normalizer-3.4.1-cp313-cp313-macosx_10_13_universal2.whl", hash = "sha256:aabfa34badd18f1da5ec1bc2715cadc8dca465868a4e73a0173466b688f29dda", size = 195698 },
    { url = "https://files.pythonhosted.org/packages/24/2e/dfdd9770664aae179a96561cc6952ff08f9a8cd09a908f259a9dfa063568/charset_normalizer-3.4.1-cp313-cp313-manylinux_2_17_aarch64.manylinux2014_aarch64.whl", hash = "sha256:22e14b5d70560b8dd51ec22863f370d1e595ac3d024cb8ad7d308b4cd95f8313", size = 140162 },
    { url = "https://files.pythonhosted.org/packages/24/4e/f646b9093cff8fc86f2d60af2de4dc17c759de9d554f130b140ea4738ca6/charset_normalizer-3.4.1-cp313-cp313-manylinux_2_17_ppc64le.manylinux2014_ppc64le.whl", hash = "sha256:8436c508b408b82d87dc5f62496973a1805cd46727c34440b0d29d8a2f50a6c9", size = 150263 },
    { url = "https://files.pythonhosted.org/packages/5e/67/2937f8d548c3ef6e2f9aab0f6e21001056f692d43282b165e7c56023e6dd/charset_normalizer-3.4.1-cp313-cp313-manylinux_2_17_s390x.manylinux2014_s390x.whl", hash = "sha256:2d074908e1aecee37a7635990b2c6d504cd4766c7bc9fc86d63f9c09af3fa11b", size = 142966 },
    { url = "https://files.pythonhosted.org/packages/52/ed/b7f4f07de100bdb95c1756d3a4d17b90c1a3c53715c1a476f8738058e0fa/charset_normalizer-3.4.1-cp313-cp313-manylinux_2_17_x86_64.manylinux2014_x86_64.whl", hash = "sha256:955f8851919303c92343d2f66165294848d57e9bba6cf6e3625485a70a038d11", size = 144992 },
    { url = "https://files.pythonhosted.org/packages/96/2c/d49710a6dbcd3776265f4c923bb73ebe83933dfbaa841c5da850fe0fd20b/charset_normalizer-3.4.1-cp313-cp313-manylinux_2_5_i686.manylinux1_i686.manylinux_2_17_i686.manylinux2014_i686.whl", hash = "sha256:44ecbf16649486d4aebafeaa7ec4c9fed8b88101f4dd612dcaf65d5e815f837f", size = 147162 },
    { url = "https://files.pythonhosted.org/packages/b4/41/35ff1f9a6bd380303dea55e44c4933b4cc3c4850988927d4082ada230273/charset_normalizer-3.4.1-cp313-cp313-musllinux_1_2_aarch64.whl", hash = "sha256:0924e81d3d5e70f8126529951dac65c1010cdf117bb75eb02dd12339b57749dd", size = 140972 },
    { url = "https://files.pythonhosted.org/packages/fb/43/c6a0b685fe6910d08ba971f62cd9c3e862a85770395ba5d9cad4fede33ab/charset_normalizer-3.4.1-cp313-cp313-musllinux_1_2_i686.whl", hash = "sha256:2967f74ad52c3b98de4c3b32e1a44e32975e008a9cd2a8cc8966d6a5218c5cb2", size = 149095 },
    { url = "https://files.pythonhosted.org/packages/4c/ff/a9a504662452e2d2878512115638966e75633519ec11f25fca3d2049a94a/charset_normalizer-3.4.1-cp313-cp313-musllinux_1_2_ppc64le.whl", hash = "sha256:c75cb2a3e389853835e84a2d8fb2b81a10645b503eca9bcb98df6b5a43eb8886", size = 152668 },
    { url = "https://files.pythonhosted.org/packages/6c/71/189996b6d9a4b932564701628af5cee6716733e9165af1d5e1b285c530ed/charset_normalizer-3.4.1-cp313-cp313-musllinux_1_2_s390x.whl", hash = "sha256:09b26ae6b1abf0d27570633b2b078a2a20419c99d66fb2823173d73f188ce601", size = 150073 },
    { url = "https://files.pythonhosted.org/packages/e4/93/946a86ce20790e11312c87c75ba68d5f6ad2208cfb52b2d6a2c32840d922/charset_normalizer-3.4.1-cp313-cp313-musllinux_1_2_x86_64.whl", hash = "sha256:fa88b843d6e211393a37219e6a1c1df99d35e8fd90446f1118f4216e307e48cd", size = 145732 },
    { url = "https://files.pythonhosted.org/packages/cd/e5/131d2fb1b0dddafc37be4f3a2fa79aa4c037368be9423061dccadfd90091/charset_normalizer-3.4.1-cp313-cp313-win32.whl", hash = "sha256:eb8178fe3dba6450a3e024e95ac49ed3400e506fd4e9e5c32d30adda88cbd407", size = 95391 },
    { url = "https://files.pythonhosted.org/packages/27/f2/4f9a69cc7712b9b5ad8fdb87039fd89abba997ad5cbe690d1835d40405b0/charset_normalizer-3.4.1-cp313-cp313-win_amd64.whl", hash = "sha256:b1ac5992a838106edb89654e0aebfc24f5848ae2547d22c2c3f66454daa11971", size = 102702 },
    { url = "https://files.pythonhosted.org/packages/0e/f6/65ecc6878a89bb1c23a086ea335ad4bf21a588990c3f535a227b9eea9108/charset_normalizer-3.4.1-py3-none-any.whl", hash = "sha256:d98b1668f06378c6dbefec3b92299716b931cd4e6061f3c875a71ced1780ab85", size = 49767 },
]

[[package]]
name = "dynaconf"
version = "3.2.4"
source = { registry = "https://pypi.org/simple" }
sdist = { url = "https://files.pythonhosted.org/packages/fc/24/23ffca4bfb74ee9ddc0a3b1fbae401a6ee3c02700ec457ddceffffce1ad9/dynaconf-3.2.4.tar.gz", hash = "sha256:2e6adebaa587f4df9241a16a4bec3fda521154d26b15f3258fde753a592831b6", size = 227710 }
wheels = [
    { url = "https://files.pythonhosted.org/packages/e5/dd/f4c3bfcdf08e3c35299d2c9058d5d36b67b40469a69b9b5d0fec5560e41b/dynaconf-3.2.4-py2.py3-none-any.whl", hash = "sha256:858f9806fab2409c4f5442614c2605d4c4071d5e5153b0e7f24a225f27465aed", size = 223940 },
]

[[package]]
name = "elementpath"
version = "4.1.5"
source = { registry = "https://pypi.org/simple" }
sdist = { url = "https://files.pythonhosted.org/packages/02/c4/198233fa9052d755766eadaf11c91337e49c0ea99ccc370ead94afab9d14/elementpath-4.1.5.tar.gz", hash = "sha256:c2d6dc524b29ef751ecfc416b0627668119d8812441c555d7471da41d4bacb8d", size = 321891 }
wheels = [
    { url = "https://files.pythonhosted.org/packages/eb/4f/fecd0fc5adc5f91a6154189ea7b2192cf62ce7d685a0e9b23737acb31808/elementpath-4.1.5-py3-none-any.whl", hash = "sha256:2ac1a2fb31eb22bbbf817f8cf6752f844513216263f0e3892c8e79782fe4bb55", size = 216364 },
]

[[package]]
name = "emoji"
version = "2.10.1"
source = { registry = "https://pypi.org/simple" }
sdist = { url = "https://files.pythonhosted.org/packages/6c/5c/486737f2f26b9a3f684cfe2f642b618d79635905513f1d14a265f3b47b70/emoji-2.10.1.tar.gz", hash = "sha256:16287283518fb7141bde00198f9ffff4e1c1cb570efb68b2f1ec50975c3a581d", size = 428315 }
wheels = [
    { url = "https://files.pythonhosted.org/packages/98/00/00d56e704d69cee4a92b1d517676579b4af5f2f8bc72946c464a504705b2/emoji-2.10.1-py2.py3-none-any.whl", hash = "sha256:11fb369ea79d20c14efa4362c732d67126df294a7959a2c98bfd7447c12a218e", size = 421524 },
]

[[package]]
name = "idna"
version = "3.10"
source = { registry = "https://pypi.org/simple" }
sdist = { url = "https://files.pythonhosted.org/packages/f1/70/7703c29685631f5a7590aa73f1f1d3fa9a380e654b86af429e0934a32f7d/idna-3.10.tar.gz", hash = "sha256:12f65c9b470abda6dc35cf8e63cc574b1c52b11df2c86030af0ac09b01b13ea9", size = 190490 }
wheels = [
    { url = "https://files.pythonhosted.org/packages/76/c6/c88e154df9c4e1a2a66ccf0005a88dfb2650c1dffb6f5ce603dfbd452ce3/idna-3.10-py3-none-any.whl", hash = "sha256:946d195a0d259cbba61165e88e65941f16e9b36ea6ddb97f00452bae8b1287d3", size = 70442 },
]

[[package]]
name = "idutils"
version = "1.2.1"
source = { registry = "https://pypi.org/simple" }
dependencies = [
    { name = "isbnlib" },
    { name = "six" },
]
sdist = { url = "https://files.pythonhosted.org/packages/31/bf/373a19718c80dfb30d17a0274026cd17ed999050429d39c79eda0189f503/idutils-1.2.1.tar.gz", hash = "sha256:d09220edd893c3164837890f0d1da303111a16a231dd9dd331c64d3d6f2b52cb", size = 27546 }
wheels = [
    { url = "https://files.pythonhosted.org/packages/70/dc/e2dc4f45905a62ee9d88eb2fc5f2853ef828cbd3c6db285c7b4eb6cf9a17/idutils-1.2.1-py2.py3-none-any.whl", hash = "sha256:908aabada07bb26e5e8f2d78ff222611b493cd721a05f1451f96d373a48f504d", size = 14642 },
]

[[package]]
name = "ineo-labeling"
version = "0.1.0"
source = { virtual = "." }
dependencies = [
    { name = "charset-normalizer" },
    { name = "idna" },
    { name = "pyfat" },
    { name = "requests" },
]

[package.metadata]
requires-dist = [
    { name = "charset-normalizer", specifier = ">=3.4.1" },
    { name = "idna", specifier = ">=3.10" },
    { name = "pyfat", git = "https://github.com/CLARIAH/pyFAT.git?rev=develop" },
    { name = "requests", specifier = ">=2.32.3" },
]

[[package]]
name = "isbnlib"
version = "3.10.14"
source = { registry = "https://pypi.org/simple" }
sdist = { url = "https://files.pythonhosted.org/packages/9e/6d/55b9ee89fdfb3aacb92b975a60357c7aa547db358817e16be3b6f8f5d781/isbnlib-3.10.14.tar.gz", hash = "sha256:96f90864c77b01f55fa11e5bfca9fd909501d9842f3bc710d4eab85195d90539", size = 48046 }
wheels = [
    { url = "https://files.pythonhosted.org/packages/dd/ce/1eb1e2afaca49add3185e202ce9c2c6d5779b7eecb20973e43ad804eb2a4/isbnlib-3.10.14-py2.py3-none-any.whl", hash = "sha256:f885b350fc8e600a919ed46e3b07253062cd604af69885455a25a299217b3fe2", size = 52535 },
]

[[package]]
name = "isodate"
version = "0.6.1"
source = { registry = "https://pypi.org/simple" }
dependencies = [
    { name = "six" },
]
sdist = { url = "https://files.pythonhosted.org/packages/db/7a/c0a56c7d56c7fa723988f122fa1f1ccf8c5c4ccc48efad0d214b49e5b1af/isodate-0.6.1.tar.gz", hash = "sha256:48c5881de7e8b0a0d648cb024c8062dc84e7b840ed81e864c7614fd3c127bde9", size = 28443 }
wheels = [
    { url = "https://files.pythonhosted.org/packages/b6/85/7882d311924cbcfc70b1890780763e36ff0b140c7e51c110fc59a532f087/isodate-0.6.1-py2.py3-none-any.whl", hash = "sha256:0751eece944162659049d35f4f549ed815792b38793f07cf73381c1c87cbed96", size = 41722 },
]

[[package]]
name = "lxml"
version = "5.1.0"
source = { registry = "https://pypi.org/simple" }
sdist = { url = "https://files.pythonhosted.org/packages/2b/b4/bbccb250adbee490553b6a52712c46c20ea1ba533a643f1424b27ffc6845/lxml-5.1.0.tar.gz", hash = "sha256:3eea6ed6e6c918e468e693c41ef07f3c3acc310b70ddd9cc72d9ef84bc9564ca", size = 3839638 }
wheels = [
    { url = "https://files.pythonhosted.org/packages/f9/8c/faab484c22459bd777cccc36905e3e98d2a128f0f66ef447a621e8858b92/lxml-5.1.0-cp312-cp312-macosx_10_9_universal2.whl", hash = "sha256:9aa543980ab1fbf1720969af1d99095a548ea42e00361e727c58a40832439114", size = 8777117 },
    { url = "https://files.pythonhosted.org/packages/53/c0/bac6130e2edfe32211e6c99280dc0e1b1eabf0591948c1aa8a8e7c7172c6/lxml-5.1.0-cp312-cp312-macosx_10_9_x86_64.whl", hash = "sha256:6f11b77ec0979f7e4dc5ae081325a2946f1fe424148d3945f943ceaede98adb8", size = 4761459 },
    { url = "https://files.pythonhosted.org/packages/56/75/aa934ccbc158d181dcdc32e087a0c37d437f39466489ee395a7aa44e4884/lxml-5.1.0-cp312-cp312-macosx_11_0_arm64.whl", hash = "sha256:a36c506e5f8aeb40680491d39ed94670487ce6614b9d27cabe45d94cd5d63e1e", size = 4526167 },
    { url = "https://files.pythonhosted.org/packages/5e/75/6646eba09a0660715ae1b10ae59e9c72518fbd3921fbadeada081a6ba1fc/lxml-5.1.0-cp312-cp312-manylinux_2_12_i686.manylinux2010_i686.manylinux_2_17_i686.manylinux2014_i686.whl", hash = "sha256:f643ffd2669ffd4b5a3e9b41c909b72b2a1d5e4915da90a77e119b8d48ce867a", size = 8299397 },
    { url = "https://files.pythonhosted.org/packages/b3/0c/57298a0a8b47c62d9722d99ae1f6f27a976ccc1fea34ed54bdaea7d7a983/lxml-5.1.0-cp312-cp312-manylinux_2_17_aarch64.manylinux2014_aarch64.whl", hash = "sha256:16dd953fb719f0ffc5bc067428fc9e88f599e15723a85618c45847c96f11f431", size = 7812489 },
    { url = "https://files.pythonhosted.org/packages/07/a2/fdb226e6aca18b7448caa5b6551b80df14460c8df38aaad87bab58fbbb17/lxml-5.1.0-cp312-cp312-manylinux_2_17_x86_64.manylinux2014_x86_64.whl", hash = "sha256:16018f7099245157564d7148165132c70adb272fb5a17c048ba70d9cc542a1a1", size = 8111967 },
    { url = "https://files.pythonhosted.org/packages/c3/19/b7644b40df5d04e76de550a50d0251ee5efebd18f7cf65675ecfc020a8f5/lxml-5.1.0-cp312-cp312-musllinux_1_1_aarch64.whl", hash = "sha256:82cd34f1081ae4ea2ede3d52f71b7be313756e99b4b5f829f89b12da552d3aa3", size = 7680287 },
    { url = "https://files.pythonhosted.org/packages/e8/6e/0a6fb288b02e3f10e7090958d99e43cc2a373aceb401362ec083e4298029/lxml-5.1.0-cp312-cp312-musllinux_1_1_x86_64.whl", hash = "sha256:19a1bc898ae9f06bccb7c3e1dfd73897ecbbd2c96afe9095a6026016e5ca97b8", size = 7950438 },
    { url = "https://files.pythonhosted.org/packages/e7/a9/44cbee712b0e371dff08eb3f98d3a6415848bea5ab40ce0e5ff059d88c44/lxml-5.1.0-cp312-cp312-win32.whl", hash = "sha256:13521a321a25c641b9ea127ef478b580b5ec82aa2e9fc076c86169d161798b01", size = 3570322 },
    { url = "https://files.pythonhosted.org/packages/02/59/e1fbe2514d8ab39977b72e77f98d0fa49772f61e938049baf151b307a4f0/lxml-5.1.0-cp312-cp312-win_amd64.whl", hash = "sha256:1ad17c20e3666c035db502c78b86e58ff6b5991906e55bdbef94977700c72623", size = 3911611 },
]

[[package]]
name = "pyfat"
version = "0.1.3"
source = { git = "https://github.com/CLARIAH/pyFAT.git?rev=develop#d6a928f3b5c07ce86b7ead19b167c6501052d390" }
dependencies = [
    { name = "dynaconf" },
    { name = "elementpath" },
    { name = "emoji" },
    { name = "idutils" },
    { name = "lxml" },
    { name = "pysolr" },
    { name = "pyyaml" },
    { name = "rdflib" },
    { name = "saxonche" },
    { name = "setuptools" },
    { name = "simplejson" },
    { name = "toml" },
    { name = "uuid" },
]

[[package]]
name = "pyparsing"
version = "3.2.1"
source = { registry = "https://pypi.org/simple" }
sdist = { url = "https://files.pythonhosted.org/packages/8b/1a/3544f4f299a47911c2ab3710f534e52fea62a633c96806995da5d25be4b2/pyparsing-3.2.1.tar.gz", hash = "sha256:61980854fd66de3a90028d679a954d5f2623e83144b5afe5ee86f43d762e5f0a", size = 1067694 }
wheels = [
    { url = "https://files.pythonhosted.org/packages/1c/a7/c8a2d361bf89c0d9577c934ebb7421b25dc84bf3a8e3ac0a40aed9acc547/pyparsing-3.2.1-py3-none-any.whl", hash = "sha256:506ff4f4386c4cec0590ec19e6302d3aedb992fdc02c761e90416f158dacf8e1", size = 107716 },
]

[[package]]
name = "pysolr"
version = "3.9.0"
source = { registry = "https://pypi.org/simple" }
dependencies = [
    { name = "requests" },
]
sdist = { url = "https://files.pythonhosted.org/packages/9c/c6/9f0b80f17747db12acbdf421a22acdad23c93eea7046181ae6ebdf427bfd/pysolr-3.9.0.tar.gz", hash = "sha256:6ef05feb87c614894243eddc62e9b0a6134a889c159ae868655cf6cd749545e6", size = 55817 }

[[package]]
name = "pyyaml"
version = "6.0.1"
source = { registry = "https://pypi.org/simple" }
sdist = { url = "https://files.pythonhosted.org/packages/cd/e5/af35f7ea75cf72f2cd079c95ee16797de7cd71f29ea7c68ae5ce7be1eda0/PyYAML-6.0.1.tar.gz", hash = "sha256:bfdf460b1736c775f2ba9f6a92bca30bc2095067b8a9d77876d1fad6cc3b4a43", size = 125201 }
wheels = [
    { url = "https://files.pythonhosted.org/packages/bc/06/1b305bf6aa704343be85444c9d011f626c763abb40c0edc1cad13bfd7f86/PyYAML-6.0.1-cp312-cp312-macosx_10_9_x86_64.whl", hash = "sha256:855fb52b0dc35af121542a76b9a84f8d1cd886ea97c84703eaa6d88e37a2ad28", size = 178692 },
    { url = "https://files.pythonhosted.org/packages/84/02/404de95ced348b73dd84f70e15a41843d817ff8c1744516bf78358f2ffd2/PyYAML-6.0.1-cp312-cp312-macosx_11_0_arm64.whl", hash = "sha256:40df9b996c2b73138957fe23a16a4f0ba614f4c0efce1e9406a184b6d07fa3a9", size = 165622 },
    { url = "https://files.pythonhosted.org/packages/c7/4c/4a2908632fc980da6d918b9de9c1d9d7d7e70b2672b1ad5166ed27841ef7/PyYAML-6.0.1-cp312-cp312-manylinux_2_17_aarch64.manylinux2014_aarch64.whl", hash = "sha256:a08c6f0fe150303c1c6b71ebcd7213c2858041a7e01975da3a99aed1e7a378ef", size = 696937 },
    { url = "https://files.pythonhosted.org/packages/b4/33/720548182ffa8344418126017aa1d4ab4aeec9a2275f04ce3f3573d8ace8/PyYAML-6.0.1-cp312-cp312-manylinux_2_17_x86_64.manylinux2014_x86_64.whl", hash = "sha256:6c22bec3fbe2524cde73d7ada88f6566758a8f7227bfbf93a408a9d86bcc12a0", size = 724969 },
    { url = "https://files.pythonhosted.org/packages/4f/78/77b40157b6cb5f2d3d31a3d9b2efd1ba3505371f76730d267e8b32cf4b7f/PyYAML-6.0.1-cp312-cp312-musllinux_1_1_x86_64.whl", hash = "sha256:8d4e9c88387b0f5c7d5f281e55304de64cf7f9c0021a3525bd3b1c542da3b0e4", size = 712604 },
    { url = "https://files.pythonhosted.org/packages/2e/97/3e0e089ee85e840f4b15bfa00e4e63d84a3691ababbfea92d6f820ea6f21/PyYAML-6.0.1-cp312-cp312-win32.whl", hash = "sha256:d483d2cdf104e7c9fa60c544d92981f12ad66a457afae824d146093b8c294c54", size = 126098 },
    { url = "https://files.pythonhosted.org/packages/2b/9f/fbade56564ad486809c27b322d0f7e6a89c01f6b4fe208402e90d4443a99/PyYAML-6.0.1-cp312-cp312-win_amd64.whl", hash = "sha256:0d3304d8c0adc42be59c5f8a4d9e3d7379e6955ad754aa9d6ab7a398b59dd1df", size = 138675 },
]

[[package]]
name = "rdflib"
version = "7.0.0"
source = { registry = "https://pypi.org/simple" }
dependencies = [
    { name = "isodate" },
    { name = "pyparsing" },
]
sdist = { url = "https://files.pythonhosted.org/packages/0d/a3/63740490a392921a611cfc05b5b17bffd4259b3c9589c7904a4033b3d291/rdflib-7.0.0.tar.gz", hash = "sha256:9995eb8569428059b8c1affd26b25eac510d64f5043d9ce8c84e0d0036e995ae", size = 4765796 }
wheels = [
    { url = "https://files.pythonhosted.org/packages/d4/b0/7b7d8b5b0d01f1a0b12cc2e5038a868ef3a15825731b8a0d776cf47566c0/rdflib-7.0.0-py3-none-any.whl", hash = "sha256:0438920912a642c866a513de6fe8a0001bd86ef975057d6962c79ce4771687cd", size = 531912 },
]

[[package]]
name = "requests"
version = "2.32.3"
source = { registry = "https://pypi.org/simple" }
dependencies = [
    { name = "certifi" },
    { name = "charset-normalizer" },
    { name = "idna" },
    { name = "urllib3" },
]
sdist = { url = "https://files.pythonhosted.org/packages/63/70/2bf7780ad2d390a8d301ad0b550f1581eadbd9a20f896afe06353c2a2913/requests-2.32.3.tar.gz", hash = "sha256:55365417734eb18255590a9ff9eb97e9e1da868d4ccd6402399eaf68af20a760", size = 131218 }
wheels = [
    { url = "https://files.pythonhosted.org/packages/f9/9b/335f9764261e915ed497fcdeb11df5dfd6f7bf257d4a6a2a686d80da4d54/requests-2.32.3-py3-none-any.whl", hash = "sha256:70761cfe03c773ceb22aa2f671b4757976145175cdfca038c02654d061d6dcc6", size = 64928 },
]

[[package]]
name = "saxonche"
version = "12.4.2"
source = { registry = "https://pypi.org/simple" }
wheels = [
    { url = "https://files.pythonhosted.org/packages/65/de/1df344ce2e33249fea02bfec61369fd4ed511066b3e06f13a8de543f59ad/saxonche-12.4.2-cp312-cp312-macosx_10_9_x86_64.whl", hash = "sha256:a92eb99cc3370e30625db8fa24e570d6d4accd45460616ac0c805a97a35868e2", size = 17330975 },
    { url = "https://files.pythonhosted.org/packages/ad/03/9bcc5856ea97974c1a669855d904352204887d6156f44781cec067e01887/saxonche-12.4.2-cp312-cp312-macosx_11_0_arm64.whl", hash = "sha256:e8501503b79795e4be4209e7bb6af8907c7e9288a3d67b225b1e2140f86881a3", size = 17381411 },
    { url = "https://files.pythonhosted.org/packages/0e/1f/9a8ad6f53bfb06db48a00def38ae0dfc5348ad715e40b1215efd876f1ca0/saxonche-12.4.2-cp312-cp312-manylinux_2_17_aarch64.manylinux2014_aarch64.whl", hash = "sha256:6f7056c513783671eeb1389c091c7047c236668170cb7b98a0d19f53d18470a2", size = 20006648 },
    { url = "https://files.pythonhosted.org/packages/2a/3a/cc306d7a714dc21560edc444fcc2d5916c8772434abdc393c0506af0a0f8/saxonche-12.4.2-cp312-cp312-manylinux_2_17_x86_64.manylinux2014_x86_64.whl", hash = "sha256:47cdc2314db85a77905117f1ac261f4a090c5a0454c0c2a8c29fcc49134c89dd", size = 19985317 },
    { url = "https://files.pythonhosted.org/packages/58/00/ba53b4ac47e875f09a58cbca28ce14d722ae8350a60ff77261222974f5b9/saxonche-12.4.2-cp312-cp312-win_amd64.whl", hash = "sha256:b3aad9cf51c7f89366479c9fe01b71df33f663e18f7c0ae4b31dc36b2e3e392b", size = 17072848 },
]

[[package]]
name = "setuptools"
version = "69.0.3"
source = { registry = "https://pypi.org/simple" }
sdist = { url = "https://files.pythonhosted.org/packages/fc/c9/b146ca195403e0182a374e0ea4dbc69136bad3cd55bc293df496d625d0f7/setuptools-69.0.3.tar.gz", hash = "sha256:be1af57fc409f93647f2e8e4573a142ed38724b8cdd389706a867bb4efcf1e78", size = 2219609 }
wheels = [
    { url = "https://files.pythonhosted.org/packages/55/3a/5121b58b578a598b269537e09a316ad2a94fdd561a2c6eb75cd68578cc6b/setuptools-69.0.3-py3-none-any.whl", hash = "sha256:385eb4edd9c9d5c17540511303e39a147ce2fc04bc55289c322b9e5904fe2c05", size = 819530 },
]

[[package]]
name = "simplejson"
version = "3.19.2"
source = { registry = "https://pypi.org/simple" }
sdist = { url = "https://files.pythonhosted.org/packages/79/79/3ccb95bb4154952532f280f7a41979fbfb0fbbaee4d609810ecb01650afa/simplejson-3.19.2.tar.gz", hash = "sha256:9eb442a2442ce417801c912df68e1f6ccfcd41577ae7274953ab3ad24ef7d82c", size = 85311 }
wheels = [
    { url = "https://files.pythonhosted.org/packages/19/2c/3f5d3c6e22cb9b7b9752bb5cc015b5e4dab07d20153fc10c3d546844b3e3/simplejson-3.19.2-cp312-cp312-macosx_10_9_universal2.whl", hash = "sha256:b8d940fd28eb34a7084877747a60873956893e377f15a32ad445fe66c972c3b8", size = 93639 },
    { url = "https://files.pythonhosted.org/packages/77/8e/8ea7d30d181ef54c0db5815d4759053e7cbafd1c927d8ca56bf813c2b72c/simplejson-3.19.2-cp312-cp312-macosx_10_9_x86_64.whl", hash = "sha256:4969d974d9db826a2c07671273e6b27bc48e940738d768fa8f33b577f0978378", size = 75887 },
    { url = "https://files.pythonhosted.org/packages/30/21/aa7b0f14a3e1c0b5f98fff28384e7ff6adf86c8cd6de0958666e98e25200/simplejson-3.19.2-cp312-cp312-macosx_11_0_arm64.whl", hash = "sha256:c594642d6b13d225e10df5c16ee15b3398e21a35ecd6aee824f107a625690374", size = 74755 },
    { url = "https://files.pythonhosted.org/packages/43/19/d171dde587cc41437720a852ee95c47fe9abc27631c3c8458ad1a5274b3a/simplejson-3.19.2-cp312-cp312-manylinux_2_17_aarch64.manylinux2014_aarch64.whl", hash = "sha256:e2f5a398b5e77bb01b23d92872255e1bcb3c0c719a3be40b8df146570fe7781a", size = 150322 },
    { url = "https://files.pythonhosted.org/packages/9e/c2/f0aef8063535b70c27474538485797db8fec727e721f94cd6ea87ae3f962/simplejson-3.19.2-cp312-cp312-manylinux_2_17_ppc64le.manylinux2014_ppc64le.whl", hash = "sha256:176a1b524a3bd3314ed47029a86d02d5a95cc0bee15bd3063a1e1ec62b947de6", size = 158545 },
    { url = "https://files.pythonhosted.org/packages/3d/53/c37abc9b00f75b2ea03f2711382c37afe227b93813356efcd069af9e782a/simplejson-3.19.2-cp312-cp312-manylinux_2_5_i686.manylinux1_i686.manylinux_2_17_i686.manylinux2014_i686.whl", hash = "sha256:f3c7363a8cb8c5238878ec96c5eb0fc5ca2cb11fc0c7d2379863d342c6ee367a", size = 148631 },
    { url = "https://files.pythonhosted.org/packages/f2/6b/ce0090a8026acc8ed027ec9471a551e02dafb7973674773fb218824130f9/simplejson-3.19.2-cp312-cp312-manylinux_2_5_x86_64.manylinux1_x86_64.manylinux_2_17_x86_64.manylinux2014_x86_64.whl", hash = "sha256:346820ae96aa90c7d52653539a57766f10f33dd4be609206c001432b59ddf89f", size = 152400 },
    { url = "https://files.pythonhosted.org/packages/b7/c6/f605729a159b743ba5b258d7f963ed2b271c91486356b9997f6b96784843/simplejson-3.19.2-cp312-cp312-musllinux_1_1_aarch64.whl", hash = "sha256:de9a2792612ec6def556d1dc621fd6b2073aff015d64fba9f3e53349ad292734", size = 153636 },
    { url = "https://files.pythonhosted.org/packages/cb/dd/1f65345ff1a6ba56e8de5ab62dead48cc50a5a3d01385fd8d56ead1bf163/simplejson-3.19.2-cp312-cp312-musllinux_1_1_i686.whl", hash = "sha256:1c768e7584c45094dca4b334af361e43b0aaa4844c04945ac7d43379eeda9bc2", size = 152968 },
    { url = "https://files.pythonhosted.org/packages/03/ad/5465dc0560ef3f929ab6defd617a61121a3c01ddb912e1a6782a124b29ce/simplejson-3.19.2-cp312-cp312-musllinux_1_1_ppc64le.whl", hash = "sha256:9652e59c022e62a5b58a6f9948b104e5bb96d3b06940c6482588176f40f4914b", size = 161290 },
    { url = "https://files.pythonhosted.org/packages/2d/18/d94495c7a4ec2ffd57717390c57270eb31440aef6b31abaeec668c8c89a4/simplejson-3.19.2-cp312-cp312-musllinux_1_1_x86_64.whl", hash = "sha256:9c1a4393242e321e344213a90a1e3bf35d2f624aa8b8f6174d43e3c6b0e8f6eb", size = 156935 },
    { url = "https://files.pythonhosted.org/packages/84/9a/024fcc6b0aa26d1188dfe6333523648c3010f8758dcb19b7590d0b1ed51b/simplejson-3.19.2-cp312-cp312-win32.whl", hash = "sha256:7cb98be113911cb0ad09e5523d0e2a926c09a465c9abb0784c9269efe4f95917", size = 73667 },
    { url = "https://files.pythonhosted.org/packages/e5/9f/9d53645ba325899e374633c818390d67378540ed346750b53c32e7ada34b/simplejson-3.19.2-cp312-cp312-win_amd64.whl", hash = "sha256:6779105d2fcb7fcf794a6a2a233787f6bbd4731227333a072d8513b252ed374f", size = 75443 },
    { url = "https://files.pythonhosted.org/packages/56/0e/456e89ef42b82586a4c3b2bc8374142e1ed7bf37f86048fefd134e90fa68/simplejson-3.19.2-py3-none-any.whl", hash = "sha256:bcedf4cae0d47839fee7de344f96b5694ca53c786f28b5f773d4f0b265a159eb", size = 56999 },
]

[[package]]
name = "six"
version = "1.17.0"
source = { registry = "https://pypi.org/simple" }
sdist = { url = "https://files.pythonhosted.org/packages/94/e7/b2c673351809dca68a0e064b6af791aa332cf192da575fd474ed7d6f16a2/six-1.17.0.tar.gz", hash = "sha256:ff70335d468e7eb6ec65b95b99d3a2836546063f63acc5171de367e834932a81", size = 34031 }
wheels = [
    { url = "https://files.pythonhosted.org/packages/b7/ce/149a00dd41f10bc29e5921b496af8b574d8413afcd5e30dfa0ed46c2cc5e/six-1.17.0-py2.py3-none-any.whl", hash = "sha256:4721f391ed90541fddacab5acf947aa0d3dc7d27b2e1e8eda2be8970586c3274", size = 11050 },
]

[[package]]
name = "toml"
version = "0.10.2"
source = { registry = "https://pypi.org/simple" }
sdist = { url = "https://files.pythonhosted.org/packages/be/ba/1f744cdc819428fc6b5084ec34d9b30660f6f9daaf70eead706e3203ec3c/toml-0.10.2.tar.gz", hash = "sha256:b3bda1d108d5dd99f4a20d24d9c348e91c4db7ab1b749200bded2f839ccbe68f", size = 22253 }
wheels = [
    { url = "https://files.pythonhosted.org/packages/44/6f/7120676b6d73228c96e17f1f794d8ab046fc910d781c8d151120c3f1569e/toml-0.10.2-py2.py3-none-any.whl", hash = "sha256:806143ae5bfb6a3c6e736a764057db0e6a0e05e338b5630894a5f779cabb4f9b", size = 16588 },
]

[[package]]
name = "urllib3"
version = "2.3.0"
source = { registry = "https://pypi.org/simple" }
sdist = { url = "https://files.pythonhosted.org/packages/aa/63/e53da845320b757bf29ef6a9062f5c669fe997973f966045cb019c3f4b66/urllib3-2.3.0.tar.gz", hash = "sha256:f8c5449b3cf0861679ce7e0503c7b44b5ec981bec0d1d3795a07f1ba96f0204d", size = 307268 }
wheels = [
    { url = "https://files.pythonhosted.org/packages/c8/19/4ec628951a74043532ca2cf5d97b7b14863931476d117c471e8e2b1eb39f/urllib3-2.3.0-py3-none-any.whl", hash = "sha256:1cee9ad369867bfdbbb48b7dd50374c0967a0bb7710050facf0dd6911440e3df", size = 128369 },
]

[[package]]
name = "uuid"
version = "1.30"
source = { registry = "https://pypi.org/simple" }
sdist = { url = "https://files.pythonhosted.org/packages/ce/63/f42f5aa951ebf2c8dac81f77a8edcc1c218640a2a35a03b9ff2d4aa64c3d/uuid-1.30.tar.gz", hash = "sha256:1f87cc004ac5120466f36c5beae48b4c48cc411968eed0eaecd3da82aa96193f", size = 5811 }
